
Microsoft Visual Studio Solution File, Format Version 12.00
# Visual Studio 15
VisualStudioVersion = 15.0.27130.2024
MinimumVisualStudioVersion = 10.0.40219.1
Project("{FAE04EC0-301F-11D3-BF4B-00C04F79EFBC}") = "UI.Web", "UI.Web\UI.Web.csproj", "{7EF8910B-8800-4838-A463-21CF5FD16BF2}"
EndProject
Project("{FAE04EC0-301F-11D3-BF4B-00C04F79EFBC}") = "DataAPI", "DataAPI\DataAPI.csproj", "{71D00865-8EBC-4564-9234-A37D5789A668}"
EndProject
Global
	GlobalSection(SolutionConfigurationPlatforms) = preSolution
		Debug|Any CPU = Debug|Any CPU
		Release|Any CPU = Release|Any CPU
	EndGlobalSection
	GlobalSection(ProjectConfigurationPlatforms) = postSolution
		{7EF8910B-8800-4838-A463-21CF5FD16BF2}.Debug|Any CPU.ActiveCfg = Debug|Any CPU
		{7EF8910B-8800-4838-A463-21CF5FD16BF2}.Debug|Any CPU.Build.0 = Debug|Any CPU
		{7EF8910B-8800-4838-A463-21CF5FD16BF2}.Release|Any CPU.ActiveCfg = Release|Any CPU
		{7EF8910B-8800-4838-A463-21CF5FD16BF2}.Release|Any CPU.Build.0 = Release|Any CPU
		{71D00865-8EBC-4564-9234-A37D5789A668}.Debug|Any CPU.ActiveCfg = Debug|Any CPU
		{71D00865-8EBC-4564-9234-A37D5789A668}.Debug|Any CPU.Build.0 = Debug|Any CPU
		{71D00865-8EBC-4564-9234-A37D5789A668}.Release|Any CPU.ActiveCfg = Release|Any CPU
		{71D00865-8EBC-4564-9234-A37D5789A668}.Release|Any CPU.Build.0 = Release|Any CPU
	EndGlobalSection
	GlobalSection(SolutionProperties) = preSolution
		HideSolutionNode = FALSE
	EndGlobalSection
	GlobalSection(ExtensibilityGlobals) = postSolution
		SolutionGuid = {C960F327-3521-4EFA-8C67-02ECB0B5B058}
	EndGlobalSection
EndGlobal
